
Microsoft Visual Studio Solution File, Format Version 12.00
Project("{FAE04EC0-301F-11D3-BF4B-00C04F79EFBC}") = "ChatroomWithUserIdentification", "ChatroomWithUserIdentification\ChatroomWithUserIdentification.csproj", "{034B89FC-76C3-489B-8CAB-70EBF3118834}"
EndProject
Project("{FAE04EC0-301F-11D3-BF4B-00C04F79EFBC}") = "BasicServerFunctionality", "BasicServerFunctionality\BasicServerFunctionality.csproj", "{651C40F5-349F-4E6C-B7ED-9464A6AA9BEF}"
EndProject
Project("{FAE04EC0-301F-11D3-BF4B-00C04F79EFBC}") = "Forms", "Forms\Forms.csproj", "{6A310939-3D5F-4EDE-A76B-4D1CBFDB9B8B}"
EndProject
Global
	GlobalSection(SolutionConfigurationPlatforms) = preSolution
		Debug|Any CPU = Debug|Any CPU
		Release|Any CPU = Release|Any CPU
	EndGlobalSection
	GlobalSection(ProjectConfigurationPlatforms) = postSolution
		{034B89FC-76C3-489B-8CAB-70EBF3118834}.Debug|Any CPU.ActiveCfg = Debug|Any CPU
		{034B89FC-76C3-489B-8CAB-70EBF3118834}.Debug|Any CPU.Build.0 = Debug|Any CPU
		{034B89FC-76C3-489B-8CAB-70EBF3118834}.Release|Any CPU.ActiveCfg = Release|Any CPU
		{034B89FC-76C3-489B-8CAB-70EBF3118834}.Release|Any CPU.Build.0 = Release|Any CPU
		{6A310939-3D5F-4EDE-A76B-4D1CBFDB9B8B}.Debug|Any CPU.ActiveCfg = Debug|Any CPU
		{6A310939-3D5F-4EDE-A76B-4D1CBFDB9B8B}.Debug|Any CPU.Build.0 = Debug|Any CPU
		{6A310939-3D5F-4EDE-A76B-4D1CBFDB9B8B}.Release|Any CPU.ActiveCfg = Release|Any CPU
		{6A310939-3D5F-4EDE-A76B-4D1CBFDB9B8B}.Release|Any CPU.Build.0 = Release|Any CPU
	EndGlobalSection
EndGlobal
